// !$*UTF8*$!
{
	archiveVersion = 1;
	classes = {
	};
	objectVersion = 56;
	objects = {

/* Begin PBXBuildFile section */
		EBD9C35F2B6AA57000B5A5E1 /* AppDelegate.swift in Sources */ = {isa = PBXBuildFile; fileRef = EBD9C35E2B6AA57000B5A5E1 /* AppDelegate.swift */; };
		EBD9C3612B6AA57000B5A5E1 /* SceneDelegate.swift in Sources */ = {isa = PBXBuildFile; fileRef = EBD9C3602B6AA57000B5A5E1 /* SceneDelegate.swift */; };
		EBD9C3632B6AA57000B5A5E1 /* ViewController.swift in Sources */ = {isa = PBXBuildFile; fileRef = EBD9C3622B6AA57000B5A5E1 /* ViewController.swift */; };
		EBD9C3662B6AA57000B5A5E1 /* Main.storyboard in Resources */ = {isa = PBXBuildFile; fileRef = EBD9C3642B6AA57000B5A5E1 /* Main.storyboard */; };
		EBD9C3682B6AA57100B5A5E1 /* Assets.xcassets in Resources */ = {isa = PBXBuildFile; fileRef = EBD9C3672B6AA57100B5A5E1 /* Assets.xcassets */; };
		EBD9C36B2B6AA57100B5A5E1 /* LaunchScreen.storyboard in Resources */ = {isa = PBXBuildFile; fileRef = EBD9C3692B6AA57100B5A5E1 /* LaunchScreen.storyboard */; };
		EBD9C3762B6AA57200B5A5E1 /* TESTTests.swift in Sources */ = {isa = PBXBuildFile; fileRef = EBD9C3752B6AA57200B5A5E1 /* TESTTests.swift */; };
		EBD9C3802B6AA57200B5A5E1 /* TESTUITests.swift in Sources */ = {isa = PBXBuildFile; fileRef = EBD9C37F2B6AA57200B5A5E1 /* TESTUITests.swift */; };
		EBD9C3822B6AA57200B5A5E1 /* TESTUITestsLaunchTests.swift in Sources */ = {isa = PBXBuildFile; fileRef = EBD9C3812B6AA57200B5A5E1 /* TESTUITestsLaunchTests.swift */; };
/* End PBXBuildFile section */

/* Begin PBXContainerItemProxy section */
		EBD9C3722B6AA57200B5A5E1 /* PBXContainerItemProxy */ = {
			isa = PBXContainerItemProxy;
			containerPortal = EBD9C3532B6AA57000B5A5E1 /* Project object */;
			proxyType = 1;
			remoteGlobalIDString = EBD9C35A2B6AA57000B5A5E1;
			remoteInfo = TEST;
		};
		EBD9C37C2B6AA57200B5A5E1 /* PBXContainerItemProxy */ = {
			isa = PBXContainerItemProxy;
			containerPortal = EBD9C3532B6AA57000B5A5E1 /* Project object */;
			proxyType = 1;
			remoteGlobalIDString = EBD9C35A2B6AA57000B5A5E1;
			remoteInfo = TEST;
		};
/* End PBXContainerItemProxy section */

/* Begin PBXFileReference section */
		EBD9C35B2B6AA57000B5A5E1 /* TEST.app */ = {isa = PBXFileReference; explicitFileType = wrapper.application; includeInIndex = 0; path = TEST.app; sourceTree = BUILT_PRODUCTS_DIR; };
		EBD9C35E2B6AA57000B5A5E1 /* AppDelegate.swift */ = {isa = PBXFileReference; lastKnownFileType = sourcecode.swift; path = AppDelegate.swift; sourceTree = "<group>"; };
		EBD9C3602B6AA57000B5A5E1 /* SceneDelegate.swift */ = {isa = PBXFileReference; lastKnownFileType = sourcecode.swift; path = SceneDelegate.swift; sourceTree = "<group>"; };
		EBD9C3622B6AA57000B5A5E1 /* ViewController.swift */ = {isa = PBXFileReference; lastKnownFileType = sourcecode.swift; path = ViewController.swift; sourceTree = "<group>"; };
		EBD9C3652B6AA57000B5A5E1 /* Base */ = {isa = PBXFileReference; lastKnownFileType = file.storyboard; name = Base; path = Base.lproj/Main.storyboard; sourceTree = "<group>"; };
		EBD9C3672B6AA57100B5A5E1 /* Assets.xcassets */ = {isa = PBXFileReference; lastKnownFileType = folder.assetcatalog; path = Assets.xcassets; sourceTree = "<group>"; };
		EBD9C36A2B6AA57100B5A5E1 /* Base */ = {isa = PBXFileReference; lastKnownFileType = file.storyboard; name = Base; path = Base.lproj/LaunchScreen.storyboard; sourceTree = "<group>"; };
		EBD9C36C2B6AA57100B5A5E1 /* Info.plist */ = {isa = PBXFileReference; lastKnownFileType = text.plist.xml; path = Info.plist; sourceTree = "<group>"; };
		EBD9C3712B6AA57200B5A5E1 /* TESTTests.xctest */ = {isa = PBXFileReference; explicitFileType = wrapper.cfbundle; includeInIndex = 0; path = TESTTests.xctest; sourceTree = BUILT_PRODUCTS_DIR; };
		EBD9C3752B6AA57200B5A5E1 /* TESTTests.swift */ = {isa = PBXFileReference; lastKnownFileType = sourcecode.swift; path = TESTTests.swift; sourceTree = "<group>"; };
		EBD9C37B2B6AA57200B5A5E1 /* TESTUITests.xctest */ = {isa = PBXFileReference; explicitFileType = wrapper.cfbundle; includeInIndex = 0; path = TESTUITests.xctest; sourceTree = BUILT_PRODUCTS_DIR; };
		EBD9C37F2B6AA57200B5A5E1 /* TESTUITests.swift */ = {isa = PBXFileReference; lastKnownFileType = sourcecode.swift; path = TESTUITests.swift; sourceTree = "<group>"; };
		EBD9C3812B6AA57200B5A5E1 /* TESTUITestsLaunchTests.swift */ = {isa = PBXFileReference; lastKnownFileType = sourcecode.swift; path = TESTUITestsLaunchTests.swift; sourceTree = "<group>"; };
/* End PBXFileReference section */

/* Begin PBXFrameworksBuildPhase section */
		EBD9C3582B6AA57000B5A5E1 /* Frameworks */ = {
			isa = PBXFrameworksBuildPhase;
			buildActionMask = 2147483647;
			files = (
			);
			runOnlyForDeploymentPostprocessing = 0;
		};
		EBD9C36E2B6AA57200B5A5E1 /* Frameworks */ = {
			isa = PBXFrameworksBuildPhase;
			buildActionMask = 2147483647;
			files = (
			);
			runOnlyForDeploymentPostprocessing = 0;
		};
		EBD9C3782B6AA57200B5A5E1 /* Frameworks */ = {
			isa = PBXFrameworksBuildPhase;
			buildActionMask = 2147483647;
			files = (
			);
			runOnlyForDeploymentPostprocessing = 0;
		};
/* End PBXFrameworksBuildPhase section */

/* Begin PBXGroup section */
		EBD9C3522B6AA57000B5A5E1 = {
			isa = PBXGroup;
			children = (
				EBD9C35D2B6AA57000B5A5E1 /* TEST */,
				EBD9C3742B6AA57200B5A5E1 /* TESTTests */,
				EBD9C37E2B6AA57200B5A5E1 /* TESTUITests */,
				EBD9C35C2B6AA57000B5A5E1 /* Products */,
			);
			sourceTree = "<group>";
		};
		EBD9C35C2B6AA57000B5A5E1 /* Products */ = {
			isa = PBXGroup;
			children = (
				EBD9C35B2B6AA57000B5A5E1 /* TEST.app */,
				EBD9C3712B6AA57200B5A5E1 /* TESTTests.xctest */,
				EBD9C37B2B6AA57200B5A5E1 /* TESTUITests.xctest */,
			);
			name = Products;
			sourceTree = "<group>";
		};
		EBD9C35D2B6AA57000B5A5E1 /* TEST */ = {
			isa = PBXGroup;
			children = (
				EBD9C35E2B6AA57000B5A5E1 /* AppDelegate.swift */,
				EBD9C3602B6AA57000B5A5E1 /* SceneDelegate.swift */,
				EBD9C3622B6AA57000B5A5E1 /* ViewController.swift */,
				EBD9C3642B6AA57000B5A5E1 /* Main.storyboard */,
				EBD9C3672B6AA57100B5A5E1 /* Assets.xcassets */,
				EBD9C3692B6AA57100B5A5E1 /* LaunchScreen.storyboard */,
				EBD9C36C2B6AA57100B5A5E1 /* Info.plist */,
			);
			path = TEST;
			sourceTree = "<group>";
		};
		EBD9C3742B6AA57200B5A5E1 /* TESTTests */ = {
			isa = PBXGroup;
			children = (
				EBD9C3752B6AA57200B5A5E1 /* TESTTests.swift */,
			);
			path = TESTTests;
			sourceTree = "<group>";
		};
		EBD9C37E2B6AA57200B5A5E1 /* TESTUITests */ = {
			isa = PBXGroup;
			children = (
				EBD9C37F2B6AA57200B5A5E1 /* TESTUITests.swift */,
				EBD9C3812B6AA57200B5A5E1 /* TESTUITestsLaunchTests.swift */,
			);
			path = TESTUITests;
			sourceTree = "<group>";
		};
/* End PBXGroup section */

/* Begin PBXNativeTarget section */
		EBD9C35A2B6AA57000B5A5E1 /* TEST */ = {
			isa = PBXNativeTarget;
			buildConfigurationList = EBD9C3852B6AA57200B5A5E1 /* Build configuration list for PBXNativeTarget "TEST" */;
			buildPhases = (
				EBD9C3572B6AA57000B5A5E1 /* Sources */,
				EBD9C3582B6AA57000B5A5E1 /* Frameworks */,
				EBD9C3592B6AA57000B5A5E1 /* Resources */,
			);
			buildRules = (
			);
			dependencies = (
			);
			name = TEST;
			productName = TEST;
			productReference = EBD9C35B2B6AA57000B5A5E1 /* TEST.app */;
			productType = "com.apple.product-type.application";
		};
		EBD9C3702B6AA57200B5A5E1 /* TESTTests */ = {
			isa = PBXNativeTarget;
			buildConfigurationList = EBD9C3882B6AA57200B5A5E1 /* Build configuration list for PBXNativeTarget "TESTTests" */;
			buildPhases = (
				EBD9C36D2B6AA57200B5A5E1 /* Sources */,
				EBD9C36E2B6AA57200B5A5E1 /* Frameworks */,
				EBD9C36F2B6AA57200B5A5E1 /* Resources */,
			);
			buildRules = (
			);
			dependencies = (
				EBD9C3732B6AA57200B5A5E1 /* PBXTargetDependency */,
			);
			name = TESTTests;
			productName = TESTTests;
			productReference = EBD9C3712B6AA57200B5A5E1 /* TESTTests.xctest */;
			productType = "com.apple.product-type.bundle.unit-test";
		};
		EBD9C37A2B6AA57200B5A5E1 /* TESTUITests */ = {
			isa = PBXNativeTarget;
			buildConfigurationList = EBD9C38B2B6AA57200B5A5E1 /* Build configuration list for PBXNativeTarget "TESTUITests" */;
			buildPhases = (
				EBD9C3772B6AA57200B5A5E1 /* Sources */,
				EBD9C3782B6AA57200B5A5E1 /* Frameworks */,
				EBD9C3792B6AA57200B5A5E1 /* Resources */,
			);
			buildRules = (
			);
			dependencies = (
				EBD9C37D2B6AA57200B5A5E1 /* PBXTargetDependency */,
			);
			name = TESTUITests;
			productName = TESTUITests;
			productReference = EBD9C37B2B6AA57200B5A5E1 /* TESTUITests.xctest */;
			productType = "com.apple.product-type.bundle.ui-testing";
		};
/* End PBXNativeTarget section */

/* Begin PBXProject section */
		EBD9C3532B6AA57000B5A5E1 /* Project object */ = {
			isa = PBXProject;
			attributes = {
				BuildIndependentTargetsInParallel = 1;
				LastSwiftUpdateCheck = 1520;
				LastUpgradeCheck = 1520;
				TargetAttributes = {
					EBD9C35A2B6AA57000B5A5E1 = {
						CreatedOnToolsVersion = 15.2;
					};
					EBD9C3702B6AA57200B5A5E1 = {
						CreatedOnToolsVersion = 15.2;
						TestTargetID = EBD9C35A2B6AA57000B5A5E1;
					};
					EBD9C37A2B6AA57200B5A5E1 = {
						CreatedOnToolsVersion = 15.2;
						TestTargetID = EBD9C35A2B6AA57000B5A5E1;
					};
				};
			};
			buildConfigurationList = EBD9C3562B6AA57000B5A5E1 /* Build configuration list for PBXProject "TEST" */;
			compatibilityVersion = "Xcode 14.0";
			developmentRegion = en;
			hasScannedForEncodings = 0;
			knownRegions = (
				en,
				Base,
			);
			mainGroup = EBD9C3522B6AA57000B5A5E1;
			productRefGroup = EBD9C35C2B6AA57000B5A5E1 /* Products */;
			projectDirPath = "";
			projectRoot = "";
			targets = (
				EBD9C35A2B6AA57000B5A5E1 /* TEST */,
				EBD9C3702B6AA57200B5A5E1 /* TESTTests */,
				EBD9C37A2B6AA57200B5A5E1 /* TESTUITests */,
			);
		};
/* End PBXProject section */

/* Begin PBXResourcesBuildPhase section */
		EBD9C3592B6AA57000B5A5E1 /* Resources */ = {
			isa = PBXResourcesBuildPhase;
			buildActionMask = 2147483647;
			files = (
				EBD9C36B2B6AA57100B5A5E1 /* LaunchScreen.storyboard in Resources */,
				EBD9C3682B6AA57100B5A5E1 /* Assets.xcassets in Resources */,
				EBD9C3662B6AA57000B5A5E1 /* Main.storyboard in Resources */,
			);
			runOnlyForDeploymentPostprocessing = 0;
		};
		EBD9C36F2B6AA57200B5A5E1 /* Resources */ = {
			isa = PBXResourcesBuildPhase;
			buildActionMask = 2147483647;
			files = (
			);
			runOnlyForDeploymentPostprocessing = 0;
		};
		EBD9C3792B6AA57200B5A5E1 /* Resources */ = {
			isa = PBXResourcesBuildPhase;
			buildActionMask = 2147483647;
			files = (
			);
			runOnlyForDeploymentPostprocessing = 0;
		};
/* End PBXResourcesBuildPhase section */

/* Begin PBXSourcesBuildPhase section */
		EBD9C3572B6AA57000B5A5E1 /* Sources */ = {
			isa = PBXSourcesBuildPhase;
			buildActionMask = 2147483647;
			files = (
				EBD9C3632B6AA57000B5A5E1 /* ViewController.swift in Sources */,
				EBD9C35F2B6AA57000B5A5E1 /* AppDelegate.swift in Sources */,
				EBD9C3612B6AA57000B5A5E1 /* SceneDelegate.swift in Sources */,
			);
			runOnlyForDeploymentPostprocessing = 0;
		};
		EBD9C36D2B6AA57200B5A5E1 /* Sources */ = {
			isa = PBXSourcesBuildPhase;
			buildActionMask = 2147483647;
			files = (
				EBD9C3762B6AA57200B5A5E1 /* TESTTests.swift in Sources */,
			);
			runOnlyForDeploymentPostprocessing = 0;
		};
		EBD9C3772B6AA57200B5A5E1 /* Sources */ = {
			isa = PBXSourcesBuildPhase;
			buildActionMask = 2147483647;
			files = (
				EBD9C3822B6AA57200B5A5E1 /* TESTUITestsLaunchTests.swift in Sources */,
				EBD9C3802B6AA57200B5A5E1 /* TESTUITests.swift in Sources */,
			);
			runOnlyForDeploymentPostprocessing = 0;
		};
/* End PBXSourcesBuildPhase section */

/* Begin PBXTargetDependency section */
		EBD9C3732B6AA57200B5A5E1 /* PBXTargetDependency */ = {
			isa = PBXTargetDependency;
			target = EBD9C35A2B6AA57000B5A5E1 /* TEST */;
			targetProxy = EBD9C3722B6AA57200B5A5E1 /* PBXContainerItemProxy */;
		};
		EBD9C37D2B6AA57200B5A5E1 /* PBXTargetDependency */ = {
			isa = PBXTargetDependency;
			target = EBD9C35A2B6AA57000B5A5E1 /* TEST */;
			targetProxy = EBD9C37C2B6AA57200B5A5E1 /* PBXContainerItemProxy */;
		};
/* End PBXTargetDependency section */

/* Begin PBXVariantGroup section */
		EBD9C3642B6AA57000B5A5E1 /* Main.storyboard */ = {
			isa = PBXVariantGroup;
			children = (
				EBD9C3652B6AA57000B5A5E1 /* Base */,
			);
			name = Main.storyboard;
			sourceTree = "<group>";
		};
		EBD9C3692B6AA57100B5A5E1 /* LaunchScreen.storyboard */ = {
			isa = PBXVariantGroup;
			children = (
				EBD9C36A2B6AA57100B5A5E1 /* Base */,
			);
			name = LaunchScreen.storyboard;
			sourceTree = "<group>";
		};
/* End PBXVariantGroup section */

/* Begin XCBuildConfiguration section */
		EBD9C3832B6AA57200B5A5E1 /* Debug */ = {
			isa = XCBuildConfiguration;
			buildSettings = {
				ALWAYS_SEARCH_USER_PATHS = NO;
				ASSETCATALOG_COMPILER_GENERATE_SWIFT_ASSET_SYMBOL_EXTENSIONS = YES;
				CLANG_ANALYZER_NONNULL = YES;
				CLANG_ANALYZER_NUMBER_OBJECT_CONVERSION = YES_AGGRESSIVE;
				CLANG_CXX_LANGUAGE_STANDARD = "gnu++20";
				CLANG_ENABLE_MODULES = YES;
				CLANG_ENABLE_OBJC_ARC = YES;
				CLANG_ENABLE_OBJC_WEAK = YES;
				CLANG_WARN_BLOCK_CAPTURE_AUTORELEASING = YES;
				CLANG_WARN_BOOL_CONVERSION = YES;
				CLANG_WARN_COMMA = YES;
				CLANG_WARN_CONSTANT_CONVERSION = YES;
				CLANG_WARN_DEPRECATED_OBJC_IMPLEMENTATIONS = YES;
				CLANG_WARN_DIRECT_OBJC_ISA_USAGE = YES_ERROR;
				CLANG_WARN_DOCUMENTATION_COMMENTS = YES;
				CLANG_WARN_EMPTY_BODY = YES;
				CLANG_WARN_ENUM_CONVERSION = YES;
				CLANG_WARN_INFINITE_RECURSION = YES;
				CLANG_WARN_INT_CONVERSION = YES;
				CLANG_WARN_NON_LITERAL_NULL_CONVERSION = YES;
				CLANG_WARN_OBJC_IMPLICIT_RETAIN_SELF = YES;
				CLANG_WARN_OBJC_LITERAL_CONVERSION = YES;
				CLANG_WARN_OBJC_ROOT_CLASS = YES_ERROR;
				CLANG_WARN_QUOTED_INCLUDE_IN_FRAMEWORK_HEADER = YES;
				CLANG_WARN_RANGE_LOOP_ANALYSIS = YES;
				CLANG_WARN_STRICT_PROTOTYPES = YES;
				CLANG_WARN_SUSPICIOUS_MOVE = YES;
				CLANG_WARN_UNGUARDED_AVAILABILITY = YES_AGGRESSIVE;
				CLANG_WARN_UNREACHABLE_CODE = YES;
				CLANG_WARN__DUPLICATE_METHOD_MATCH = YES;
				COPY_PHASE_STRIP = NO;
				DEBUG_INFORMATION_FORMAT = dwarf;
				ENABLE_STRICT_OBJC_MSGSEND = YES;
				ENABLE_TESTABILITY = YES;
				ENABLE_USER_SCRIPT_SANDBOXING = YES;
				GCC_C_LANGUAGE_STANDARD = gnu17;
				GCC_DYNAMIC_NO_PIC = NO;
				GCC_NO_COMMON_BLOCKS = YES;
				GCC_OPTIMIZATION_LEVEL = 0;
				GCC_PREPROCESSOR_DEFINITIONS = (
					"DEBUG=1",
					"$(inherited)",
				);
				GCC_WARN_64_TO_32_BIT_CONVERSION = YES;
				GCC_WARN_ABOUT_RETURN_TYPE = YES_ERROR;
				GCC_WARN_UNDECLARED_SELECTOR = YES;
				GCC_WARN_UNINITIALIZED_AUTOS = YES_AGGRESSIVE;
				GCC_WARN_UNUSED_FUNCTION = YES;
				GCC_WARN_UNUSED_VARIABLE = YES;
				IPHONEOS_DEPLOYMENT_TARGET = 17.2;
				LOCALIZATION_PREFERS_STRING_CATALOGS = YES;
				MTL_ENABLE_DEBUG_INFO = INCLUDE_SOURCE;
				MTL_FAST_MATH = YES;
				ONLY_ACTIVE_ARCH = YES;
				SDKROOT = iphoneos;
				SWIFT_ACTIVE_COMPILATION_CONDITIONS = "DEBUG $(inherited)";
				SWIFT_OPTIMIZATION_LEVEL = "-Onone";
			};
			name = Debug;
		};
		EBD9C3842B6AA57200B5A5E1 /* Release */ = {
			isa = XCBuildConfiguration;
			buildSettings = {
				ALWAYS_SEARCH_USER_PATHS = NO;
				ASSETCATALOG_COMPILER_GENERATE_SWIFT_ASSET_SYMBOL_EXTENSIONS = YES;
				CLANG_ANALYZER_NONNULL = YES;
				CLANG_ANALYZER_NUMBER_OBJECT_CONVERSION = YES_AGGRESSIVE;
				CLANG_CXX_LANGUAGE_STANDARD = "gnu++20";
				CLANG_ENABLE_MODULES = YES;
				CLANG_ENABLE_OBJC_ARC = YES;
				CLANG_ENABLE_OBJC_WEAK = YES;
				CLANG_WARN_BLOCK_CAPTURE_AUTORELEASING = YES;
				CLANG_WARN_BOOL_CONVERSION = YES;
				CLANG_WARN_COMMA = YES;
				CLANG_WARN_CONSTANT_CONVERSION = YES;
				CLANG_WARN_DEPRECATED_OBJC_IMPLEMENTATIONS = YES;
				CLANG_WARN_DIRECT_OBJC_ISA_USAGE = YES_ERROR;
				CLANG_WARN_DOCUMENTATION_COMMENTS = YES;
				CLANG_WARN_EMPTY_BODY = YES;
				CLANG_WARN_ENUM_CONVERSION = YES;
				CLANG_WARN_INFINITE_RECURSION = YES;
				CLANG_WARN_INT_CONVERSION = YES;
				CLANG_WARN_NON_LITERAL_NULL_CONVERSION = YES;
				CLANG_WARN_OBJC_IMPLICIT_RETAIN_SELF = YES;
				CLANG_WARN_OBJC_LITERAL_CONVERSION = YES;
				CLANG_WARN_OBJC_ROOT_CLASS = YES_ERROR;
				CLANG_WARN_QUOTED_INCLUDE_IN_FRAMEWORK_HEADER = YES;
				CLANG_WARN_RANGE_LOOP_ANALYSIS = YES;
				CLANG_WARN_STRICT_PROTOTYPES = YES;
				CLANG_WARN_SUSPICIOUS_MOVE = YES;
				CLANG_WARN_UNGUARDED_AVAILABILITY = YES_AGGRESSIVE;
				CLANG_WARN_UNREACHABLE_CODE = YES;
				CLANG_WARN__DUPLICATE_METHOD_MATCH = YES;
				COPY_PHASE_STRIP = NO;
				DEBUG_INFORMATION_FORMAT = "dwarf-with-dsym";
				ENABLE_NS_ASSERTIONS = NO;
				ENABLE_STRICT_OBJC_MSGSEND = YES;
				ENABLE_USER_SCRIPT_SANDBOXING = YES;
				GCC_C_LANGUAGE_STANDARD = gnu17;
				GCC_NO_COMMON_BLOCKS = YES;
				GCC_WARN_64_TO_32_BIT_CONVERSION = YES;
				GCC_WARN_ABOUT_RETURN_TYPE = YES_ERROR;
				GCC_WARN_UNDECLARED_SELECTOR = YES;
				GCC_WARN_UNINITIALIZED_AUTOS = YES_AGGRESSIVE;
				GCC_WARN_UNUSED_FUNCTION = YES;
				GCC_WARN_UNUSED_VARIABLE = YES;
				IPHONEOS_DEPLOYMENT_TARGET = 17.2;
				LOCALIZATION_PREFERS_STRING_CATALOGS = YES;
				MTL_ENABLE_DEBUG_INFO = NO;
				MTL_FAST_MATH = YES;
				SDKROOT = iphoneos;
				SWIFT_COMPILATION_MODE = wholemodule;
				VALIDATE_PRODUCT = YES;
			};
			name = Release;
		};
		EBD9C3862B6AA57200B5A5E1 /* Debug */ = {
			isa = XCBuildConfiguration;
			buildSettings = {
				ASSETCATALOG_COMPILER_APPICON_NAME = AppIcon;
				ASSETCATALOG_COMPILER_GLOBAL_ACCENT_COLOR_NAME = AccentColor;
				CODE_SIGN_STYLE = Automatic;
				CURRENT_PROJECT_VERSION = 1;
				DEVELOPMENT_TEAM = 7NJ9W73ML8;
				GENERATE_INFOPLIST_FILE = YES;
				INFOPLIST_FILE = TEST/Info.plist;
				INFOPLIST_KEY_UIApplicationSupportsIndirectInputEvents = YES;
				INFOPLIST_KEY_UILaunchStoryboardName = LaunchScreen;
				INFOPLIST_KEY_UIMainStoryboardFile = Main;
				INFOPLIST_KEY_UISupportedInterfaceOrientations_iPad = "UIInterfaceOrientationPortrait UIInterfaceOrientationPortraitUpsideDown UIInterfaceOrientationLandscapeLeft UIInterfaceOrientationLandscapeRight";
				INFOPLIST_KEY_UISupportedInterfaceOrientations_iPhone = "UIInterfaceOrientationPortrait UIInterfaceOrientationLandscapeLeft UIInterfaceOrientationLandscapeRight";
				LD_RUNPATH_SEARCH_PATHS = (
					"$(inherited)",
					"@executable_path/Frameworks",
				);
				MARKETING_VERSION = 1.0;
				PRODUCT_BUNDLE_IDENTIFIER = dawei.TEST;
				PRODUCT_NAME = "$(TARGET_NAME)";
				SWIFT_EMIT_LOC_STRINGS = YES;
				SWIFT_VERSION = 5.0;
				TARGETED_DEVICE_FAMILY = "1,2";
			};
			name = Debug;
		};
		EBD9C3872B6AA57200B5A5E1 /* Release */ = {
			isa = XCBuildConfiguration;
			buildSettings = {
				ASSETCATALOG_COMPILER_APPICON_NAME = AppIcon;
				ASSETCATALOG_COMPILER_GLOBAL_ACCENT_COLOR_NAME = AccentColor;
				CODE_SIGN_STYLE = Automatic;
				CURRENT_PROJECT_VERSION = 1;
				DEVELOPMENT_TEAM = 7NJ9W73ML8;
				GENERATE_INFOPLIST_FILE = YES;
				INFOPLIST_FILE = TEST/Info.plist;
				INFOPLIST_KEY_UIApplicationSupportsIndirectInputEvents = YES;
				INFOPLIST_KEY_UILaunchStoryboardName = LaunchScreen;
				INFOPLIST_KEY_UIMainStoryboardFile = Main;
				INFOPLIST_KEY_UISupportedInterfaceOrientations_iPad = "UIInterfaceOrientationPortrait UIInterfaceOrientationPortraitUpsideDown UIInterfaceOrientationLandscapeLeft UIInterfaceOrientationLandscapeRight";
				INFOPLIST_KEY_UISupportedInterfaceOrientations_iPhone = "UIInterfaceOrientationPortrait UIInterfaceOrientationLandscapeLeft UIInterfaceOrientationLandscapeRight";
				LD_RUNPATH_SEARCH_PATHS = (
					"$(inherited)",
					"@executable_path/Frameworks",
				);
				MARKETING_VERSION = 1.0;
				PRODUCT_BUNDLE_IDENTIFIER = dawei.TEST;
				PRODUCT_NAME = "$(TARGET_NAME)";
				SWIFT_EMIT_LOC_STRINGS = YES;
				SWIFT_VERSION = 5.0;
				TARGETED_DEVICE_FAMILY = "1,2";
			};
			name = Release;
		};
		EBD9C3892B6AA57200B5A5E1 /* Debug */ = {
			isa = XCBuildConfiguration;
			buildSettings = {
				ALWAYS_EMBED_SWIFT_STANDARD_LIBRARIES = YES;
				BUNDLE_LOADER = "$(TEST_HOST)";
				CODE_SIGN_STYLE = Automatic;
				CURRENT_PROJECT_VERSION = 1;
				DEVELOPMENT_TEAM = 7NJ9W73ML8;
				GENERATE_INFOPLIST_FILE = YES;
				IPHONEOS_DEPLOYMENT_TARGET = 17.2;
				MARKETING_VERSION = 1.0;
				PRODUCT_BUNDLE_IDENTIFIER = dawei.TESTTests;
				PRODUCT_NAME = "$(TARGET_NAME)";
				SWIFT_EMIT_LOC_STRINGS = NO;
				SWIFT_VERSION = 5.0;
				TARGETED_DEVICE_FAMILY = "1,2";
				TEST_HOST = "$(BUILT_PRODUCTS_DIR)/TEST.app/$(BUNDLE_EXECUTABLE_FOLDER_PATH)/TEST";
			};
			name = Debug;
		};
		EBD9C38A2B6AA57200B5A5E1 /* Release */ = {
			isa = XCBuildConfiguration;
			buildSettings = {
				ALWAYS_EMBED_SWIFT_STANDARD_LIBRARIES = YES;
				BUNDLE_LOADER = "$(TEST_HOST)";
				CODE_SIGN_STYLE = Automatic;
				CURRENT_PROJECT_VERSION = 1;
				DEVELOPMENT_TEAM = 7NJ9W73ML8;
				GENERATE_INFOPLIST_FILE = YES;
				IPHONEOS_DEPLOYMENT_TARGET = 17.2;
				MARKETING_VERSION = 1.0;
				PRODUCT_BUNDLE_IDENTIFIER = dawei.TESTTests;
				PRODUCT_NAME = "$(TARGET_NAME)";
				SWIFT_EMIT_LOC_STRINGS = NO;
				SWIFT_VERSION = 5.0;
				TARGETED_DEVICE_FAMILY = "1,2";
				TEST_HOST = "$(BUILT_PRODUCTS_DIR)/TEST.app/$(BUNDLE_EXECUTABLE_FOLDER_PATH)/TEST";
			};
			name = Release;
		};
		EBD9C38C2B6AA57200B5A5E1 /* Debug */ = {
			isa = XCBuildConfiguration;
			buildSettings = {
				ALWAYS_EMBED_SWIFT_STANDARD_LIBRARIES = YES;
				CODE_SIGN_STYLE = Automatic;
				CURRENT_PROJECT_VERSION = 1;
				DEVELOPMENT_TEAM = 7NJ9W73ML8;
				GENERATE_INFOPLIST_FILE = YES;
				MARKETING_VERSION = 1.0;
				PRODUCT_BUNDLE_IDENTIFIER = dawei.TESTUITests;
				PRODUCT_NAME = "$(TARGET_NAME)";
				SWIFT_EMIT_LOC_STRINGS = NO;
				SWIFT_VERSION = 5.0;
				TARGETED_DEVICE_FAMILY = "1,2";
				TEST_TARGET_NAME = TEST;
			};
			name = Debug;
		};
		EBD9C38D2B6AA57200B5A5E1 /* Release */ = {
			isa = XCBuildConfiguration;
			buildSettings = {
				ALWAYS_EMBED_SWIFT_STANDARD_LIBRARIES = YES;
				CODE_SIGN_STYLE = Automatic;
				CURRENT_PROJECT_VERSION = 1;
				DEVELOPMENT_TEAM = 7NJ9W73ML8;
				GENERATE_INFOPLIST_FILE = YES;
				MARKETING_VERSION = 1.0;
				PRODUCT_BUNDLE_IDENTIFIER = dawei.TESTUITests;
				PRODUCT_NAME = "$(TARGET_NAME)";
				SWIFT_EMIT_LOC_STRINGS = NO;
				SWIFT_VERSION = 5.0;
				TARGETED_DEVICE_FAMILY = "1,2";
				TEST_TARGET_NAME = TEST;
			};
			name = Release;
		};
/* End XCBuildConfiguration section */

/* Begin XCConfigurationList section */
		EBD9C3562B6AA57000B5A5E1 /* Build configuration list for PBXProject "TEST" */ = {
			isa = XCConfigurationList;
			buildConfigurations = (
				EBD9C3832B6AA57200B5A5E1 /* Debug */,
				EBD9C3842B6AA57200B5A5E1 /* Release */,
			);
			defaultConfigurationIsVisible = 0;
			defaultConfigurationName = Release;
		};
		EBD9C3852B6AA57200B5A5E1 /* Build configuration list for PBXNativeTarget "TEST" */ = {
			isa = XCConfigurationList;
			buildConfigurations = (
				EBD9C3862B6AA57200B5A5E1 /* Debug */,
				EBD9C3872B6AA57200B5A5E1 /* Release */,
			);
			defaultConfigurationIsVisible = 0;
			defaultConfigurationName = Release;
		};
		EBD9C3882B6AA57200B5A5E1 /* Build configuration list for PBXNativeTarget "TESTTests" */ = {
			isa = XCConfigurationList;
			buildConfigurations = (
				EBD9C3892B6AA57200B5A5E1 /* Debug */,
				EBD9C38A2B6AA57200B5A5E1 /* Release */,
			);
			defaultConfigurationIsVisible = 0;
			defaultConfigurationName = Release;
		};
		EBD9C38B2B6AA57200B5A5E1 /* Build configuration list for PBXNativeTarget "TESTUITests" */ = {
			isa = XCConfigurationList;
			buildConfigurations = (
				EBD9C38C2B6AA57200B5A5E1 /* Debug */,
				EBD9C38D2B6AA57200B5A5E1 /* Release */,
			);
			defaultConfigurationIsVisible = 0;
			defaultConfigurationName = Release;
		};
/* End XCConfigurationList section */
	};
	rootObject = EBD9C3532B6AA57000B5A5E1 /* Project object */;
}
